
Microsoft Visual Studio Solution File, Format Version 12.00
# Visual Studio Version 16
VisualStudioVersion = 16.0.30011.22
MinimumVisualStudioVersion = 10.0.40219.1
Project("{8BC9CEB8-8B4A-11D0-8D11-00A0C91BC942}") = "Battleship - game", "Battleship - game\Battleship - game.vcxproj", "{D637AC20-E774-4B22-B336-C862878DB7D2}"
EndProject
Global
	GlobalSection(SolutionConfigurationPlatforms) = preSolution
		Debug|x64 = Debug|x64
		Debug|x86 = Debug|x86
		Release|x64 = Release|x64
		Release|x86 = Release|x86
	EndGlobalSection
	GlobalSection(ProjectConfigurationPlatforms) = postSolution
		{D637AC20-E774-4B22-B336-C862878DB7D2}.Debug|x64.ActiveCfg = Debug|x64
		{D637AC20-E774-4B22-B336-C862878DB7D2}.Debug|x64.Build.0 = Debug|x64
		{D637AC20-E774-4B22-B336-C862878DB7D2}.Debug|x86.ActiveCfg = Debug|Win32
		{D637AC20-E774-4B22-B336-C862878DB7D2}.Debug|x86.Build.0 = Debug|Win32
		{D637AC20-E774-4B22-B336-C862878DB7D2}.Release|x64.ActiveCfg = Release|x64
		{D637AC20-E774-4B22-B336-C862878DB7D2}.Release|x64.Build.0 = Release|x64
		{D637AC20-E774-4B22-B336-C862878DB7D2}.Release|x86.ActiveCfg = Release|Win32
		{D637AC20-E774-4B22-B336-C862878DB7D2}.Release|x86.Build.0 = Release|Win32
	EndGlobalSection
	GlobalSection(SolutionProperties) = preSolution
		HideSolutionNode = FALSE
	EndGlobalSection
	GlobalSection(ExtensibilityGlobals) = postSolution
		SolutionGuid = {DF87F5B4-BB14-4DC2-A0A4-139CE5683BED}
	EndGlobalSection
EndGlobal
