<?xml version="1.0" encoding="utf-8"?>
<Project ToolsVersion="4.0" xmlns="http://schemas.microsoft.com/developer/msbuild/2003">
  <ItemGroup>
    <Filter Include="Source Files">
      <UniqueIdentifier>{4FC737F1-C7A5-4376-A066-2A32D752A2FF}</UniqueIdentifier>
      <Extensions>cpp;c;cc;cxx;c++;def;odl;idl;hpj;bat;asm;asmx</Extensions>
    </Filter>
    <Filter Include="Header Files">
      <UniqueIdentifier>{93995380-89BD-4b04-88EB-625FBE52EBFB}</UniqueIdentifier>
      <Extensions>h;hh;hpp;hxx;h++;hm;inl;inc;ipp;xsd</Extensions>
    </Filter>
    <Filter Include="Resource Files">
      <UniqueIdentifier>{67DA6AB6-F800-4c08-8B7A-83BB121AAD01}</UniqueIdentifier>
      <Extensions>rc;ico;cur;bmp;dlg;rc2;rct;bin;rgs;gif;jpg;jpeg;jpe;resx;tiff;tif;png;wav;mfcribbon-ms</Extensions>
    </Filter>
  </ItemGroup>
  <ItemGroup>
    <ClCompile Include="Lab 8-11.cpp">
      <Filter>Source Files</Filter>
    </ClCompile>
    <ClCompile Include="Drone.cpp">
      <Filter>Source Files</Filter>
    </ClCompile>
    <ClCompile Include="MyExceptionList.cpp">
      <Filter>Source Files</Filter>
    </ClCompile>
    <ClCompile Include="Phone.cpp">
      <Filter>Source Files</Filter>
    </ClCompile>
    <ClCompile Include="Series.cpp">
      <Filter>Source Files</Filter>
    </ClCompile>
    <ClCompile Include="TestsDomain.cpp">
      <Filter>Source Files</Filter>
    </ClCompile>
    <ClCompile Include="Utils.cpp">
      <Filter>Source Files</Filter>
    </ClCompile>
    <ClCompile Include="User.cpp">
      <Filter>Source Files</Filter>
    </ClCompile>
    <ClCompile Include="TestsRepository.cpp">
      <Filter>Source Files</Filter>
    </ClCompile>
    <ClCompile Include="SerializerSeries.cpp">
      <Filter>Source Files</Filter>
    </ClCompile>
    <ClCompile Include="RepositoryFileCSV.cpp">
      <Filter>Source Files</Filter>
    </ClCompile>
    <ClCompile Include="RepositoryFileCustom.cpp">
      <Filter>Source Files</Filter>
    </ClCompile>
    <ClCompile Include="Service.cpp">
      <Filter>Source Files</Filter>
    </ClCompile>
    <ClCompile Include="TestsService.cpp">
      <Filter>Source Files</Filter>
    </ClCompile>
    <ClCompile Include="UI.cpp">
      <Filter>Source Files</Filter>
    </ClCompile>
  </ItemGroup>
  <ItemGroup>
    <ClInclude Include="Drone.h">
      <Filter>Header Files</Filter>
    </ClInclude>
    <ClInclude Include="MyException.h">
      <Filter>Header Files</Filter>
    </ClInclude>
    <ClInclude Include="MyExceptionList.h">
      <Filter>Header Files</Filter>
    </ClInclude>
    <ClInclude Include="Phone.h">
      <Filter>Header Files</Filter>
    </ClInclude>
    <ClInclude Include="Series.h">
      <Filter>Header Files</Filter>
    </ClInclude>
    <ClInclude Include="TestsDomain.h">
      <Filter>Header Files</Filter>
    </ClInclude>
    <ClInclude Include="Utils.h">
      <Filter>Header Files</Filter>
    </ClInclude>
    <ClInclude Include="ValidatorPhone.h">
      <Filter>Header Files</Filter>
    </ClInclude>
    <ClInclude Include="ValidatorSeries.h">
      <Filter>Header Files</Filter>
    </ClInclude>
    <ClInclude Include="User.h">
      <Filter>Header Files</Filter>
    </ClInclude>
    <ClInclude Include="RepositoryTemplate.h">
      <Filter>Header Files</Filter>
    </ClInclude>
    <ClInclude Include="TestsRepository.h">
      <Filter>Header Files</Filter>
    </ClInclude>
    <ClInclude Include="RepositoryFile.h">
      <Filter>Header Files</Filter>
    </ClInclude>
    <ClInclude Include="Serializer.h">
      <Filter>Header Files</Filter>
    </ClInclude>
    <ClInclude Include="SerializerSeries.h">
      <Filter>Header Files</Filter>
    </ClInclude>
    <ClInclude Include="SerializerWithoutP.h">
      <Filter>Header Files</Filter>
    </ClInclude>
    <ClInclude Include="RepositoryFileCSV.h">
      <Filter>Header Files</Filter>
    </ClInclude>
    <ClInclude Include="RepositoryFileCustom.h">
      <Filter>Header Files</Filter>
    </ClInclude>
    <ClInclude Include="Service.h">
      <Filter>Header Files</Filter>
    </ClInclude>
    <ClInclude Include="TestsService.h">
      <Filter>Header Files</Filter>
    </ClInclude>
    <ClInclude Include="UI.h">
      <Filter>Header Files</Filter>
    </ClInclude>
  </ItemGroup>
  <ItemGroup>
    <None Include="test.csv">
      <Filter>Resource Files</Filter>
    </None>
    <None Include="series.csv">
      <Filter>Resource Files</Filter>
    </None>
    <None Include="users.csv">
      <Filter>Resource Files</Filter>
    </None>
    <None Include="ClassDiagram2.cd" />
  </ItemGroup>
  <ItemGroup>
    <Text Include="test.txt">
      <Filter>Resource Files</Filter>
    </Text>
    <Text Include="series.txt">
      <Filter>Resource Files</Filter>
    </Text>
    <Text Include="users.txt">
      <Filter>Resource Files</Filter>
    </Text>
  </ItemGroup>
</Project>